<?xml version="1.0" encoding="UTF-8" standalone="yes" ?>
<CodeBlocks_project_file>
	<FileVersion major="1" minor="6" />
	<Project>
		<Option title="stend" />
		<Option platforms="Windows;Unix;" />
		<Option execution_dir="../stend" />
		<Option pch_mode="2" />
		<Option compiler="gcc" />
		<Option extended_obj_names="1" />
		<Build>
			<Target title="Debug">
				<Option platforms="Windows;Unix;" />
				<Option output="build/libstend" prefix_auto="1" extension_auto="1" />
				<Option object_output="build/" />
				<Option type="3" />
				<Option compiler="gcc" />
				<Option createDefFile="1" />
				<Option createStaticLib="1" />
				<Compiler>
					<Add option="-g" />
				</Compiler>
				<Linker>
				</Linker>
			</Target>
			<Target title="Release">
				<Option platforms="Windows;Unix;" />
				<Option output="build/libstend" prefix_auto="1" extension_auto="1" />
				<Option object_output="build/" />
				<Option type="3" />
				<Option compiler="gcc" />
				<Option createDefFile="1" />
				<Option createStaticLib="1" />
				<Compiler>
					<Add option="-O2" />
				</Compiler>
				<Linker>
					<Add option="-s" />
				</Linker>
			</Target>
		</Build>
		<Compiler>
			<Add option="-std=c++11" />
			<Add option="-Wall" />
			<Add option="-fPIC" />
			<Add option="-fexceptions" />
			<Add option="`pkg-config --cflags Qt5Core`" />
			<Add option="`pkg-config --cflags Qt5Widgets`" />
			<Add option="`pkg-config --cflags opencv`" />
			<Add option="`pkg-config --cflags lua`" />
			<Add directory="." />
			<Add directory="../../windows/include" />
			<Add directory="../../windows/include/QtCore" />
			<Add directory="../../windows/include/QtWidgets" />
		</Compiler>
		<Linker>
			<Add option="`pkg-config --libs Qt5Core`" />
			<Add option="`pkg-config --libs Qt5Widgets`" />
			<Add option="`pkg-config --libs opencv`" />
			<Add option="`pkg-config --libs lua`" />
			<Add option="-lQt5Core" />
			<Add option="-lQt5Widgets" />
			<Add option="-llua" />
			<Add option="-lm" />
			<Add option="-lopencv_core" />
			<Add option="-lopencv_highgui" />
			<Add option="-lopencv_imgproc" />
			<Add directory="../../windows/lib" />
		</Linker>
		<Unit filename="all.hpp" />
		<Unit filename="config.cpp" />
		<Unit filename="config.hpp" />
		<Unit filename="lib/image.cpp" />
		<Unit filename="lib/image.hpp" />
		<Unit filename="lib/interface.hpp" />
		<Unit filename="lib/lua.cpp" />
		<Unit filename="lib/lua.hpp" />
		<Unit filename="lib/module.cpp" />
		<Unit filename="lib/module.hpp" />
		<Unit filename="lib/opencv.cpp" />
		<Unit filename="lib/opencv.hpp" />
		<Unit filename="stat/stat.cpp" />
		<Unit filename="stat/stat.hpp" />
		<Unit filename="various.cpp" />
		<Extensions>
			<envvars />
			<code_completion />
			<lib_finder disable_auto="1" />
			<debugger />
			<DoxyBlocks>
				<comment_style block="0" line="0" />
				<doxyfile_project output_language="Russian" />
				<doxyfile_build />
				<doxyfile_warnings />
				<doxyfile_output />
				<doxyfile_dot />
				<general />
			</DoxyBlocks>
		</Extensions>
	</Project>
</CodeBlocks_project_file>
